
Microsoft Visual Studio Solution File, Format Version 12.00
# Visual Studio Version 16
VisualStudioVersion = 16.6.30114.105
MinimumVisualStudioVersion = 10.0.40219.1
Project("{2150E333-8FDC-42A3-9474-1A3956D46DE8}") = "Src", "Src", "{4507AA10-954E-11EB-8AD1-CB3757B5357C}"
EndProject
Project("{FAE04EC0-301F-11D3-BF4B-00C04F79EFBC}") = "Src\BookStore.Presentation", "Src\BookStore.Presentation\BookStore.Presentation.csproj", "{5427825F-2B65-4CFF-A48E-51DD9B72C568}"
EndProject
Project("{FAE04EC0-301F-11D3-BF4B-00C04F79EFBC}") = "Src\BookStore.Domain", "Src\BookStore.Domain\BookStore.Domain.csproj", "{6539E44F-B9C2-413E-A57C-1077E9B3DA55}"
EndProject
Project("{FAE04EC0-301F-11D3-BF4B-00C04F79EFBC}") = "Src\BookStore.Persistence", "Src\BookStore.Persistence\BookStore.Persistence.csproj", "{AADA56D4-F5A9-4FFB-991C-24ABAE2FCCD8}"
EndProject
Global
	GlobalSection(SolutionConfigurationPlatforms) = preSolution
		Debug|Any CPU = Debug|Any CPU
		Debug|x64 = Debug|x64
		Debug|x86 = Debug|x86
		Release|Any CPU = Release|Any CPU
		Release|x64 = Release|x64
		Release|x86 = Release|x86
	EndGlobalSection
	GlobalSection(SolutionProperties) = preSolution
		HideSolutionNode = FALSE
	EndGlobalSection
	GlobalSection(ProjectConfigurationPlatforms) = postSolution
		{5427825F-2B65-4CFF-A48E-51DD9B72C568}.Debug|Any CPU.ActiveCfg = Debug|Any CPU
		{5427825F-2B65-4CFF-A48E-51DD9B72C568}.Debug|Any CPU.Build.0 = Debug|Any CPU
		{5427825F-2B65-4CFF-A48E-51DD9B72C568}.Debug|x64.ActiveCfg = Debug|Any CPU
		{5427825F-2B65-4CFF-A48E-51DD9B72C568}.Debug|x64.Build.0 = Debug|Any CPU
		{5427825F-2B65-4CFF-A48E-51DD9B72C568}.Debug|x86.ActiveCfg = Debug|Any CPU
		{5427825F-2B65-4CFF-A48E-51DD9B72C568}.Debug|x86.Build.0 = Debug|Any CPU
		{5427825F-2B65-4CFF-A48E-51DD9B72C568}.Release|Any CPU.ActiveCfg = Release|Any CPU
		{5427825F-2B65-4CFF-A48E-51DD9B72C568}.Release|Any CPU.Build.0 = Release|Any CPU
		{5427825F-2B65-4CFF-A48E-51DD9B72C568}.Release|x64.ActiveCfg = Release|Any CPU
		{5427825F-2B65-4CFF-A48E-51DD9B72C568}.Release|x64.Build.0 = Release|Any CPU
		{5427825F-2B65-4CFF-A48E-51DD9B72C568}.Release|x86.ActiveCfg = Release|Any CPU
		{5427825F-2B65-4CFF-A48E-51DD9B72C568}.Release|x86.Build.0 = Release|Any CPU
		{6539E44F-B9C2-413E-A57C-1077E9B3DA55}.Debug|Any CPU.ActiveCfg = Debug|Any CPU
		{6539E44F-B9C2-413E-A57C-1077E9B3DA55}.Debug|Any CPU.Build.0 = Debug|Any CPU
		{6539E44F-B9C2-413E-A57C-1077E9B3DA55}.Debug|x64.ActiveCfg = Debug|Any CPU
		{6539E44F-B9C2-413E-A57C-1077E9B3DA55}.Debug|x64.Build.0 = Debug|Any CPU
		{6539E44F-B9C2-413E-A57C-1077E9B3DA55}.Debug|x86.ActiveCfg = Debug|Any CPU
		{6539E44F-B9C2-413E-A57C-1077E9B3DA55}.Debug|x86.Build.0 = Debug|Any CPU
		{6539E44F-B9C2-413E-A57C-1077E9B3DA55}.Release|Any CPU.ActiveCfg = Release|Any CPU
		{6539E44F-B9C2-413E-A57C-1077E9B3DA55}.Release|Any CPU.Build.0 = Release|Any CPU
		{6539E44F-B9C2-413E-A57C-1077E9B3DA55}.Release|x64.ActiveCfg = Release|Any CPU
		{6539E44F-B9C2-413E-A57C-1077E9B3DA55}.Release|x64.Build.0 = Release|Any CPU
		{6539E44F-B9C2-413E-A57C-1077E9B3DA55}.Release|x86.ActiveCfg = Release|Any CPU
		{6539E44F-B9C2-413E-A57C-1077E9B3DA55}.Release|x86.Build.0 = Release|Any CPU
		{AADA56D4-F5A9-4FFB-991C-24ABAE2FCCD8}.Debug|Any CPU.ActiveCfg = Debug|Any CPU
		{AADA56D4-F5A9-4FFB-991C-24ABAE2FCCD8}.Debug|Any CPU.Build.0 = Debug|Any CPU
		{AADA56D4-F5A9-4FFB-991C-24ABAE2FCCD8}.Debug|x64.ActiveCfg = Debug|Any CPU
		{AADA56D4-F5A9-4FFB-991C-24ABAE2FCCD8}.Debug|x64.Build.0 = Debug|Any CPU
		{AADA56D4-F5A9-4FFB-991C-24ABAE2FCCD8}.Debug|x86.ActiveCfg = Debug|Any CPU
		{AADA56D4-F5A9-4FFB-991C-24ABAE2FCCD8}.Debug|x86.Build.0 = Debug|Any CPU
		{AADA56D4-F5A9-4FFB-991C-24ABAE2FCCD8}.Release|Any CPU.ActiveCfg = Release|Any CPU
		{AADA56D4-F5A9-4FFB-991C-24ABAE2FCCD8}.Release|Any CPU.Build.0 = Release|Any CPU
		{AADA56D4-F5A9-4FFB-991C-24ABAE2FCCD8}.Release|x64.ActiveCfg = Release|Any CPU
		{AADA56D4-F5A9-4FFB-991C-24ABAE2FCCD8}.Release|x64.Build.0 = Release|Any CPU
		{AADA56D4-F5A9-4FFB-991C-24ABAE2FCCD8}.Release|x86.ActiveCfg = Release|Any CPU
		{AADA56D4-F5A9-4FFB-991C-24ABAE2FCCD8}.Release|x86.Build.0 = Release|Any CPU
	EndGlobalSection
	GlobalSection(NestedProjects) = preSolution
		{AADA56D4-F5A9-4FFB-991C-24ABAE2FCCD8} = {4507AA10-954E-11EB-8AD1-CB3757B5357C}
		{6539E44F-B9C2-413E-A57C-1077E9B3DA55} = {4507AA10-954E-11EB-8AD1-CB3757B5357C}
		{5427825F-2B65-4CFF-A48E-51DD9B72C568} = {4507AA10-954E-11EB-8AD1-CB3757B5357C}
	EndGlobalSection
EndGlobal
